
Microsoft Visual Studio Solution File, Format Version 12.00
# Visual Studio Version 17
VisualStudioVersion = 17.14.36121.58 d17.14
MinimumVisualStudioVersion = 10.0.40219.1
Project("{FAE04EC0-301F-11D3-BF4B-00C04F79EFBC}") = "ArcadePerfect.OAuth2.Plugin", "ArcadePerfect.OAuth2.Plugin\ArcadePerfect.OAuth2.Plugin.csproj", "{37C0BEDD-6DA8-4516-8169-E1799209166D}"
EndProject
Project("{FAE04EC0-301F-11D3-BF4B-00C04F79EFBC}") = "ArcadePerfect.OAuth2.Sample", "ArcadePerfect.OAuth2.Sample\ArcadePerfect.OAuth2.Sample.csproj", "{5DB46103-DD1A-445F-B227-4A4EDAB84EBD}"
EndProject
Global
	GlobalSection(SolutionConfigurationPlatforms) = preSolution
		Debug|Any CPU = Debug|Any CPU
		Release|Any CPU = Release|Any CPU
	EndGlobalSection
	GlobalSection(ProjectConfigurationPlatforms) = postSolution
		{37C0BEDD-6DA8-4516-8169-E1799209166D}.Debug|Any CPU.ActiveCfg = Debug|Any CPU
		{37C0BEDD-6DA8-4516-8169-E1799209166D}.Debug|Any CPU.Build.0 = Debug|Any CPU
		{37C0BEDD-6DA8-4516-8169-E1799209166D}.Release|Any CPU.ActiveCfg = Release|Any CPU
		{37C0BEDD-6DA8-4516-8169-E1799209166D}.Release|Any CPU.Build.0 = Release|Any CPU
		{5DB46103-DD1A-445F-B227-4A4EDAB84EBD}.Debug|Any CPU.ActiveCfg = Debug|Any CPU
		{5DB46103-DD1A-445F-B227-4A4EDAB84EBD}.Debug|Any CPU.Build.0 = Debug|Any CPU
		{5DB46103-DD1A-445F-B227-4A4EDAB84EBD}.Release|Any CPU.ActiveCfg = Release|Any CPU
		{5DB46103-DD1A-445F-B227-4A4EDAB84EBD}.Release|Any CPU.Build.0 = Release|Any CPU
	EndGlobalSection
	GlobalSection(SolutionProperties) = preSolution
		HideSolutionNode = FALSE
	EndGlobalSection
	GlobalSection(ExtensibilityGlobals) = postSolution
		SolutionGuid = {222DF038-2210-462E-AC09-BE86A5F5F20F}
	EndGlobalSection
EndGlobal
